
Microsoft Visual Studio Solution File, Format Version 12.00
# Visual Studio Version 17
VisualStudioVersion = 17.10.35122.118
MinimumVisualStudioVersion = 10.0.40219.1
Project("{FAE04EC0-301F-11D3-BF4B-00C04F79EFBC}") = "PlateDapperProject", "PlateDapperProject\PlateDapperProject.csproj", "{429E5C1E-5FEB-4B92-90D0-6F224D010A68}"
EndProject
Global
	GlobalSection(SolutionConfigurationPlatforms) = preSolution
		Debug|Any CPU = Debug|Any CPU
		Release|Any CPU = Release|Any CPU
	EndGlobalSection
	GlobalSection(ProjectConfigurationPlatforms) = postSolution
		{429E5C1E-5FEB-4B92-90D0-6F224D010A68}.Debug|Any CPU.ActiveCfg = Debug|Any CPU
		{429E5C1E-5FEB-4B92-90D0-6F224D010A68}.Debug|Any CPU.Build.0 = Debug|Any CPU
		{429E5C1E-5FEB-4B92-90D0-6F224D010A68}.Release|Any CPU.ActiveCfg = Release|Any CPU
		{429E5C1E-5FEB-4B92-90D0-6F224D010A68}.Release|Any CPU.Build.0 = Release|Any CPU
	EndGlobalSection
	GlobalSection(SolutionProperties) = preSolution
		HideSolutionNode = FALSE
	EndGlobalSection
	GlobalSection(ExtensibilityGlobals) = postSolution
		SolutionGuid = {3C59D0F2-7614-4661-A6E7-F64CDC7444F0}
	EndGlobalSection
EndGlobal
